
Microsoft Visual Studio Solution File, Format Version 12.00
# Visual Studio Version 17
VisualStudioVersion = 17.1.32421.90
MinimumVisualStudioVersion = 10.0.40219.1
Project("{9A19103F-16F7-4668-BE54-9A1E7A4F7556}") = "Aquality.Selenium.Template.SpecFlow", "Aquality.Selenium.Template.SpecFlow\Aquality.Selenium.Template.SpecFlow.csproj", "{21B3F61F-E039-492C-A959-73049136EB4A}"
EndProject
Project("{9A19103F-16F7-4668-BE54-9A1E7A4F7556}") = "Aquality.Selenium.Template", "Aquality.Selenium.Template\Aquality.Selenium.Template.csproj", "{84ADF59F-0C6C-4C35-BB35-D393571939D2}"
EndProject
Project("{9A19103F-16F7-4668-BE54-9A1E7A4F7556}") = "Aquality.Selenium.Template.NUnit", "Aquality.Selenium.Template.NUnit\Aquality.Selenium.Template.NUnit.csproj", "{90A7FAF5-CF1F-4150-AB93-3469837FB761}"
EndProject
Global
	GlobalSection(SolutionConfigurationPlatforms) = preSolution
		Debug|Any CPU = Debug|Any CPU
		Release|Any CPU = Release|Any CPU
	EndGlobalSection
	GlobalSection(ProjectConfigurationPlatforms) = postSolution
		{21B3F61F-E039-492C-A959-73049136EB4A}.Debug|Any CPU.ActiveCfg = Debug|Any CPU
		{21B3F61F-E039-492C-A959-73049136EB4A}.Debug|Any CPU.Build.0 = Debug|Any CPU
		{21B3F61F-E039-492C-A959-73049136EB4A}.Release|Any CPU.ActiveCfg = Release|Any CPU
		{21B3F61F-E039-492C-A959-73049136EB4A}.Release|Any CPU.Build.0 = Release|Any CPU
		{84ADF59F-0C6C-4C35-BB35-D393571939D2}.Debug|Any CPU.ActiveCfg = Debug|Any CPU
		{84ADF59F-0C6C-4C35-BB35-D393571939D2}.Debug|Any CPU.Build.0 = Debug|Any CPU
		{84ADF59F-0C6C-4C35-BB35-D393571939D2}.Release|Any CPU.ActiveCfg = Release|Any CPU
		{84ADF59F-0C6C-4C35-BB35-D393571939D2}.Release|Any CPU.Build.0 = Release|Any CPU
		{90A7FAF5-CF1F-4150-AB93-3469837FB761}.Debug|Any CPU.ActiveCfg = Debug|Any CPU
		{90A7FAF5-CF1F-4150-AB93-3469837FB761}.Debug|Any CPU.Build.0 = Debug|Any CPU
		{90A7FAF5-CF1F-4150-AB93-3469837FB761}.Release|Any CPU.ActiveCfg = Release|Any CPU
		{90A7FAF5-CF1F-4150-AB93-3469837FB761}.Release|Any CPU.Build.0 = Release|Any CPU
	EndGlobalSection
	GlobalSection(SolutionProperties) = preSolution
		HideSolutionNode = FALSE
	EndGlobalSection
	GlobalSection(ExtensibilityGlobals) = postSolution
		SolutionGuid = {6324A9A5-0C0D-4FAF-9E48-6E6360B53F09}
	EndGlobalSection
EndGlobal
